// !$*UTF8*$!
{
	archiveVersion = 1;
	classes = {
	};
	objectVersion = 46;
	objects = {

/* Begin PBXBuildFile section */
		04060A001E43765900B4E70C /* Assets.xcassets in Resources */ = {isa = PBXBuildFile; fileRef = 040609FF1E43765900B4E70C /* Assets.xcassets */; };
		04060A021E43767600B4E70C /* candyLoadUp.png in Resources */ = {isa = PBXBuildFile; fileRef = 04060A011E43767600B4E70C /* candyLoadUp.png */; };
		040DA2781DAFD973004EEDD3 /* Alamofire.framework in CopyFiles */ = {isa = PBXBuildFile; fileRef = 040DA2741DAFD8C5004EEDD3 /* Alamofire.framework */; settings = {ATTRIBUTES = (CodeSignOnCopy, RemoveHeadersOnCopy, ); }; };
		04FFAE841DAF97E700EF87B0 /* AppDelegate.swift in Sources */ = {isa = PBXBuildFile; fileRef = 04FFAE831DAF97E700EF87B0 /* AppDelegate.swift */; };
		04FFAE861DAF97E700EF87B0 /* ViewController.swift in Sources */ = {isa = PBXBuildFile; fileRef = 04FFAE851DAF97E700EF87B0 /* ViewController.swift */; };
		04FFAE891DAF97E700EF87B0 /* Main.storyboard in Resources */ = {isa = PBXBuildFile; fileRef = 04FFAE871DAF97E700EF87B0 /* Main.storyboard */; };
		04FFAE8E1DAF97E700EF87B0 /* LaunchScreen.storyboard in Resources */ = {isa = PBXBuildFile; fileRef = 04FFAE8C1DAF97E700EF87B0 /* LaunchScreen.storyboard */; };
/* End PBXBuildFile section */

/* Begin PBXCopyFilesBuildPhase section */
		040DA2771DAFD92D004EEDD3 /* CopyFiles */ = {
			isa = PBXCopyFilesBuildPhase;
			buildActionMask = 2147483647;
			dstPath = "";
			dstSubfolderSpec = 10;
			files = (
				040DA2781DAFD973004EEDD3 /* Alamofire.framework in CopyFiles */,
			);
			runOnlyForDeploymentPostprocessing = 0;
		};
/* End PBXCopyFilesBuildPhase section */

/* Begin PBXFileReference section */
		040609FF1E43765900B4E70C /* Assets.xcassets */ = {isa = PBXFileReference; lastKnownFileType = folder.assetcatalog; path = Assets.xcassets; sourceTree = "<group>"; };
		04060A011E43767600B4E70C /* candyLoadUp.png */ = {isa = PBXFileReference; lastKnownFileType = image.png; name = candyLoadUp.png; path = Assets.xcassets/candyLoadUp.png; sourceTree = "<group>"; };
		040DA2741DAFD8C5004EEDD3 /* Alamofire.framework */ = {isa = PBXFileReference; lastKnownFileType = wrapper.framework; name = Alamofire.framework; path = Carthage/Build/iOS/Alamofire.framework; sourceTree = "<group>"; };
		04FFAE801DAF97E700EF87B0 /* iCandy.app */ = {isa = PBXFileReference; explicitFileType = wrapper.application; includeInIndex = 0; path = iCandy.app; sourceTree = BUILT_PRODUCTS_DIR; };
		04FFAE831DAF97E700EF87B0 /* AppDelegate.swift */ = {isa = PBXFileReference; lastKnownFileType = sourcecode.swift; path = AppDelegate.swift; sourceTree = "<group>"; };
		04FFAE851DAF97E700EF87B0 /* ViewController.swift */ = {isa = PBXFileReference; lastKnownFileType = sourcecode.swift; path = ViewController.swift; sourceTree = "<group>"; };
		04FFAE881DAF97E700EF87B0 /* Base */ = {isa = PBXFileReference; lastKnownFileType = file.storyboard; name = Base; path = Base.lproj/Main.storyboard; sourceTree = "<group>"; };
		04FFAE8D1DAF97E700EF87B0 /* Base */ = {isa = PBXFileReference; lastKnownFileType = file.storyboard; name = Base; path = Base.lproj/LaunchScreen.storyboard; sourceTree = "<group>"; };
		04FFAE8F1DAF97E700EF87B0 /* Info.plist */ = {isa = PBXFileReference; lastKnownFileType = text.plist.xml; path = Info.plist; sourceTree = "<group>"; };
/* End PBXFileReference section */

/* Begin PBXFrameworksBuildPhase section */
		04FFAE7D1DAF97E600EF87B0 /* Frameworks */ = {
			isa = PBXFrameworksBuildPhase;
			buildActionMask = 2147483647;
			files = (
			);
			runOnlyForDeploymentPostprocessing = 0;
		};
/* End PBXFrameworksBuildPhase section */

/* Begin PBXGroup section */
		040DA2731DAFD8C5004EEDD3 /* Frameworks */ = {
			isa = PBXGroup;
			children = (
				040DA2741DAFD8C5004EEDD3 /* Alamofire.framework */,
			);
			name = Frameworks;
			sourceTree = "<group>";
		};
		04FFAE771DAF97E600EF87B0 = {
			isa = PBXGroup;
			children = (
				04FFAE821DAF97E700EF87B0 /* iCandy */,
				04FFAE811DAF97E700EF87B0 /* Products */,
				040DA2731DAFD8C5004EEDD3 /* Frameworks */,
			);
			sourceTree = "<group>";
		};
		04FFAE811DAF97E700EF87B0 /* Products */ = {
			isa = PBXGroup;
			children = (
				04FFAE801DAF97E700EF87B0 /* iCandy.app */,
			);
			name = Products;
			sourceTree = "<group>";
		};
		04FFAE821DAF97E700EF87B0 /* iCandy */ = {
			isa = PBXGroup;
			children = (
				04FFAE831DAF97E700EF87B0 /* AppDelegate.swift */,
				04FFAE851DAF97E700EF87B0 /* ViewController.swift */,
				04FFAE871DAF97E700EF87B0 /* Main.storyboard */,
				040609FF1E43765900B4E70C /* Assets.xcassets */,
				04060A011E43767600B4E70C /* candyLoadUp.png */,
				04FFAE8C1DAF97E700EF87B0 /* LaunchScreen.storyboard */,
				04FFAE8F1DAF97E700EF87B0 /* Info.plist */,
			);
			path = iCandy;
			sourceTree = "<group>";
		};
/* End PBXGroup section */

/* Begin PBXNativeTarget section */
		04FFAE7F1DAF97E600EF87B0 /* iCandy */ = {
			isa = PBXNativeTarget;
			buildConfigurationList = 04FFAE921DAF97E700EF87B0 /* Build configuration list for PBXNativeTarget "iCandy" */;
			buildPhases = (
				04FFAE7C1DAF97E600EF87B0 /* Sources */,
				04FFAE7D1DAF97E600EF87B0 /* Frameworks */,
				04FFAE7E1DAF97E600EF87B0 /* Resources */,
				040DA2771DAFD92D004EEDD3 /* CopyFiles */,
			);
			buildRules = (
			);
			dependencies = (
			);
			name = iCandy;
			productName = iCandy;
			productReference = 04FFAE801DAF97E700EF87B0 /* iCandy.app */;
			productType = "com.apple.product-type.application";
		};
/* End PBXNativeTarget section */

/* Begin PBXProject section */
		04FFAE781DAF97E600EF87B0 /* Project object */ = {
			isa = PBXProject;
			attributes = {
				LastSwiftUpdateCheck = 0800;
				LastUpgradeCheck = 0800;
				ORGANIZATIONNAME = "Jack Bailey";
				TargetAttributes = {
					04FFAE7F1DAF97E600EF87B0 = {
						CreatedOnToolsVersion = 8.0;
						ProvisioningStyle = Automatic;
					};
				};
			};
			buildConfigurationList = 04FFAE7B1DAF97E600EF87B0 /* Build configuration list for PBXProject "iCandy" */;
			compatibilityVersion = "Xcode 3.2";
			developmentRegion = English;
			hasScannedForEncodings = 0;
			knownRegions = (
				en,
				Base,
			);
			mainGroup = 04FFAE771DAF97E600EF87B0;
			productRefGroup = 04FFAE811DAF97E700EF87B0 /* Products */;
			projectDirPath = "";
			projectRoot = "";
			targets = (
				04FFAE7F1DAF97E600EF87B0 /* iCandy */,
			);
		};
/* End PBXProject section */

/* Begin PBXResourcesBuildPhase section */
		04FFAE7E1DAF97E600EF87B0 /* Resources */ = {
			isa = PBXResourcesBuildPhase;
			buildActionMask = 2147483647;
			files = (
				04FFAE8E1DAF97E700EF87B0 /* LaunchScreen.storyboard in Resources */,
				04060A021E43767600B4E70C /* candyLoadUp.png in Resources */,
				04FFAE891DAF97E700EF87B0 /* Main.storyboard in Resources */,
				04060A001E43765900B4E70C /* Assets.xcassets in Resources */,
			);
			runOnlyForDeploymentPostprocessing = 0;
		};
/* End PBXResourcesBuildPhase section */

/* Begin PBXSourcesBuildPhase section */
		04FFAE7C1DAF97E600EF87B0 /* Sources */ = {
			isa = PBXSourcesBuildPhase;
			buildActionMask = 2147483647;
			files = (
				04FFAE861DAF97E700EF87B0 /* ViewController.swift in Sources */,
				04FFAE841DAF97E700EF87B0 /* AppDelegate.swift in Sources */,
			);
			runOnlyForDeploymentPostprocessing = 0;
		};
/* End PBXSourcesBuildPhase section */

/* Begin PBXVariantGroup section */
		04FFAE871DAF97E700EF87B0 /* Main.storyboard */ = {
			isa = PBXVariantGroup;
			children = (
				04FFAE881DAF97E700EF87B0 /* Base */,
			);
			name = Main.storyboard;
			sourceTree = "<group>";
		};
		04FFAE8C1DAF97E700EF87B0 /* LaunchScreen.storyboard */ = {
			isa = PBXVariantGroup;
			children = (
				04FFAE8D1DAF97E700EF87B0 /* Base */,
			);
			name = LaunchScreen.storyboard;
			sourceTree = "<group>";
		};
/* End PBXVariantGroup section */

/* Begin XCBuildConfiguration section */
		04FFAE901DAF97E700EF87B0 /* Debug */ = {
			isa = XCBuildConfiguration;
			buildSettings = {
				ALWAYS_SEARCH_USER_PATHS = NO;
				CLANG_ANALYZER_NONNULL = YES;
				CLANG_CXX_LANGUAGE_STANDARD = "gnu++0x";
				CLANG_CXX_LIBRARY = "libc++";
				CLANG_ENABLE_MODULES = YES;
				CLANG_ENABLE_OBJC_ARC = YES;
				CLANG_WARN_BOOL_CONVERSION = YES;
				CLANG_WARN_CONSTANT_CONVERSION = YES;
				CLANG_WARN_DIRECT_OBJC_ISA_USAGE = YES_ERROR;
				CLANG_WARN_DOCUMENTATION_COMMENTS = YES;
				CLANG_WARN_EMPTY_BODY = YES;
				CLANG_WARN_ENUM_CONVERSION = YES;
				CLANG_WARN_INFINITE_RECURSION = YES;
				CLANG_WARN_INT_CONVERSION = YES;
				CLANG_WARN_OBJC_ROOT_CLASS = YES_ERROR;
				CLANG_WARN_SUSPICIOUS_MOVES = YES;
				CLANG_WARN_UNREACHABLE_CODE = YES;
				CLANG_WARN__DUPLICATE_METHOD_MATCH = YES;
				"CODE_SIGN_IDENTITY[sdk=iphoneos*]" = "iPhone Developer";
				COPY_PHASE_STRIP = NO;
				DEBUG_INFORMATION_FORMAT = dwarf;
				ENABLE_STRICT_OBJC_MSGSEND = YES;
				ENABLE_TESTABILITY = YES;
				GCC_C_LANGUAGE_STANDARD = gnu99;
				GCC_DYNAMIC_NO_PIC = NO;
				GCC_NO_COMMON_BLOCKS = YES;
				GCC_OPTIMIZATION_LEVEL = 0;
				GCC_PREPROCESSOR_DEFINITIONS = (
					"DEBUG=1",
					"$(inherited)",
				);
				GCC_WARN_64_TO_32_BIT_CONVERSION = YES;
				GCC_WARN_ABOUT_RETURN_TYPE = YES_ERROR;
				GCC_WARN_UNDECLARED_SELECTOR = YES;
				GCC_WARN_UNINITIALIZED_AUTOS = YES_AGGRESSIVE;
				GCC_WARN_UNUSED_FUNCTION = YES;
				GCC_WARN_UNUSED_VARIABLE = YES;
				IPHONEOS_DEPLOYMENT_TARGET = 10.0;
				MTL_ENABLE_DEBUG_INFO = YES;
				ONLY_ACTIVE_ARCH = YES;
				SDKROOT = iphoneos;
				SWIFT_ACTIVE_COMPILATION_CONDITIONS = DEBUG;
				SWIFT_OPTIMIZATION_LEVEL = "-Onone";
			};
			name = Debug;
		};
		04FFAE911DAF97E700EF87B0 /* Release */ = {
			isa = XCBuildConfiguration;
			buildSettings = {
				ALWAYS_SEARCH_USER_PATHS = NO;
				CLANG_ANALYZER_NONNULL = YES;
				CLANG_CXX_LANGUAGE_STANDARD = "gnu++0x";
				CLANG_CXX_LIBRARY = "libc++";
				CLANG_ENABLE_MODULES = YES;
				CLANG_ENABLE_OBJC_ARC = YES;
				CLANG_WARN_BOOL_CONVERSION = YES;
				CLANG_WARN_CONSTANT_CONVERSION = YES;
				CLANG_WARN_DIRECT_OBJC_ISA_USAGE = YES_ERROR;
				CLANG_WARN_DOCUMENTATION_COMMENTS = YES;
				CLANG_WARN_EMPTY_BODY = YES;
				CLANG_WARN_ENUM_CONVERSION = YES;
				CLANG_WARN_INFINITE_RECURSION = YES;
				CLANG_WARN_INT_CONVERSION = YES;
				CLANG_WARN_OBJC_ROOT_CLASS = YES_ERROR;
				CLANG_WARN_SUSPICIOUS_MOVES = YES;
				CLANG_WARN_UNREACHABLE_CODE = YES;
				CLANG_WARN__DUPLICATE_METHOD_MATCH = YES;
				"CODE_SIGN_IDENTITY[sdk=iphoneos*]" = "iPhone Developer";
				COPY_PHASE_STRIP = NO;
				DEBUG_INFORMATION_FORMAT = "dwarf-with-dsym";
				ENABLE_NS_ASSERTIONS = NO;
				ENABLE_STRICT_OBJC_MSGSEND = YES;
				GCC_C_LANGUAGE_STANDARD = gnu99;
				GCC_NO_COMMON_BLOCKS = YES;
				GCC_WARN_64_TO_32_BIT_CONVERSION = YES;
				GCC_WARN_ABOUT_RETURN_TYPE = YES_ERROR;
				GCC_WARN_UNDECLARED_SELECTOR = YES;
				GCC_WARN_UNINITIALIZED_AUTOS = YES_AGGRESSIVE;
				GCC_WARN_UNUSED_FUNCTION = YES;
				GCC_WARN_UNUSED_VARIABLE = YES;
				IPHONEOS_DEPLOYMENT_TARGET = 10.0;
				MTL_ENABLE_DEBUG_INFO = NO;
				SDKROOT = iphoneos;
				SWIFT_OPTIMIZATION_LEVEL = "-Owholemodule";
				VALIDATE_PRODUCT = YES;
			};
			name = Release;
		};
		04FFAE931DAF97E700EF87B0 /* Debug */ = {
			isa = XCBuildConfiguration;
			buildSettings = {
				ASSETCATALOG_COMPILER_APPICON_NAME = AppIcon;
				FRAMEWORK_SEARCH_PATHS = (
					"$(inherited)",
					"$(PROJECT_DIR)/iCandy",
					"$(PROJECT_DIR)",
					"$(PROJECT_DIR)/Carthage/Build/iOS",
				);
				INFOPLIST_FILE = iCandy/Info.plist;
				LD_RUNPATH_SEARCH_PATHS = "$(inherited) @executable_path/Frameworks";
				PRODUCT_BUNDLE_IDENTIFIER = jabailey.iCandy;
				PRODUCT_NAME = "$(TARGET_NAME)";
				SWIFT_VERSION = 3.0;
			};
			name = Debug;
		};
		04FFAE941DAF97E700EF87B0 /* Release */ = {
			isa = XCBuildConfiguration;
			buildSettings = {
				ASSETCATALOG_COMPILER_APPICON_NAME = AppIcon;
				FRAMEWORK_SEARCH_PATHS = (
					"$(inherited)",
					"$(PROJECT_DIR)/iCandy",
					"$(PROJECT_DIR)",
					"$(PROJECT_DIR)/Carthage/Build/iOS",
				);
				INFOPLIST_FILE = iCandy/Info.plist;
				LD_RUNPATH_SEARCH_PATHS = "$(inherited) @executable_path/Frameworks";
				PRODUCT_BUNDLE_IDENTIFIER = jabailey.iCandy;
				PRODUCT_NAME = "$(TARGET_NAME)";
				SWIFT_VERSION = 3.0;
			};
			name = Release;
		};
/* End XCBuildConfiguration section */

/* Begin XCConfigurationList section */
		04FFAE7B1DAF97E600EF87B0 /* Build configuration list for PBXProject "iCandy" */ = {
			isa = XCConfigurationList;
			buildConfigurations = (
				04FFAE901DAF97E700EF87B0 /* Debug */,
				04FFAE911DAF97E700EF87B0 /* Release */,
			);
			defaultConfigurationIsVisible = 0;
			defaultConfigurationName = Release;
		};
		04FFAE921DAF97E700EF87B0 /* Build configuration list for PBXNativeTarget "iCandy" */ = {
			isa = XCConfigurationList;
			buildConfigurations = (
				04FFAE931DAF97E700EF87B0 /* Debug */,
				04FFAE941DAF97E700EF87B0 /* Release */,
			);
			defaultConfigurationIsVisible = 0;
			defaultConfigurationName = Release;
		};
/* End XCConfigurationList section */
	};
	rootObject = 04FFAE781DAF97E600EF87B0 /* Project object */;
}
